
Microsoft Visual Studio Solution File, Format Version 12.00
# Visual Studio Version 17
VisualStudioVersion = 17.7.34024.191
MinimumVisualStudioVersion = 10.0.40219.1
Project("{FAE04EC0-301F-11D3-BF4B-00C04F79EFBC}") = "mathGame", "mathGame\mathGame.csproj", "{06A470BF-80B4-4ECB-A7AB-0607DC328877}"
EndProject
Global
	GlobalSection(SolutionConfigurationPlatforms) = preSolution
		Debug|Any CPU = Debug|Any CPU
		Release|Any CPU = Release|Any CPU
	EndGlobalSection
	GlobalSection(ProjectConfigurationPlatforms) = postSolution
		{06A470BF-80B4-4ECB-A7AB-0607DC328877}.Debug|Any CPU.ActiveCfg = Debug|Any CPU
		{06A470BF-80B4-4ECB-A7AB-0607DC328877}.Debug|Any CPU.Build.0 = Debug|Any CPU
		{06A470BF-80B4-4ECB-A7AB-0607DC328877}.Release|Any CPU.ActiveCfg = Release|Any CPU
		{06A470BF-80B4-4ECB-A7AB-0607DC328877}.Release|Any CPU.Build.0 = Release|Any CPU
	EndGlobalSection
	GlobalSection(SolutionProperties) = preSolution
		HideSolutionNode = FALSE
	EndGlobalSection
	GlobalSection(ExtensibilityGlobals) = postSolution
		SolutionGuid = {486B3CC3-EF6A-4DB6-B7CF-9106B59B25D3}
	EndGlobalSection
EndGlobal
